// !$*UTF8*$!
{
	archiveVersion = 1;
	classes = {
	};
	objectVersion = 50;
	objects = {

/* Begin PBXBuildFile section */
		00831C0C223AC197005B1D69 /* AppDelegate.swift in Sources */ = {isa = PBXBuildFile; fileRef = 00831C0B223AC197005B1D69 /* AppDelegate.swift */; };
		00831C0E223AC197005B1D69 /* ViewController.swift in Sources */ = {isa = PBXBuildFile; fileRef = 00831C0D223AC197005B1D69 /* ViewController.swift */; };
		00831C11223AC197005B1D69 /* Main.storyboard in Resources */ = {isa = PBXBuildFile; fileRef = 00831C0F223AC197005B1D69 /* Main.storyboard */; };
		00831C13223AC199005B1D69 /* Assets.xcassets in Resources */ = {isa = PBXBuildFile; fileRef = 00831C12223AC199005B1D69 /* Assets.xcassets */; };
		00831C16223AC199005B1D69 /* LaunchScreen.storyboard in Resources */ = {isa = PBXBuildFile; fileRef = 00831C14223AC199005B1D69 /* LaunchScreen.storyboard */; };
		00831C1E223AC1E7005B1D69 /* movies.plist in Resources */ = {isa = PBXBuildFile; fileRef = 00831C1D223AC1E7005B1D69 /* movies.plist */; };
		00831C20223AC344005B1D69 /* movies.swift in Sources */ = {isa = PBXBuildFile; fileRef = 00831C1F223AC344005B1D69 /* movies.swift */; };
		00831C22223AC3C0005B1D69 /* MovieDataModelController.swift in Sources */ = {isa = PBXBuildFile; fileRef = 00831C21223AC3C0005B1D69 /* MovieDataModelController.swift */; };
		00831C24223ACADA005B1D69 /* DetailViewController.swift in Sources */ = {isa = PBXBuildFile; fileRef = 00831C23223ACADA005B1D69 /* DetailViewController.swift */; };
/* End PBXBuildFile section */

/* Begin PBXFileReference section */
		00831C08223AC197005B1D69 /* Midterm.app */ = {isa = PBXFileReference; explicitFileType = wrapper.application; includeInIndex = 0; path = Midterm.app; sourceTree = BUILT_PRODUCTS_DIR; };
		00831C0B223AC197005B1D69 /* AppDelegate.swift */ = {isa = PBXFileReference; lastKnownFileType = sourcecode.swift; path = AppDelegate.swift; sourceTree = "<group>"; };
		00831C0D223AC197005B1D69 /* ViewController.swift */ = {isa = PBXFileReference; lastKnownFileType = sourcecode.swift; path = ViewController.swift; sourceTree = "<group>"; };
		00831C10223AC197005B1D69 /* Base */ = {isa = PBXFileReference; lastKnownFileType = file.storyboard; name = Base; path = Base.lproj/Main.storyboard; sourceTree = "<group>"; };
		00831C12223AC199005B1D69 /* Assets.xcassets */ = {isa = PBXFileReference; lastKnownFileType = folder.assetcatalog; path = Assets.xcassets; sourceTree = "<group>"; };
		00831C15223AC199005B1D69 /* Base */ = {isa = PBXFileReference; lastKnownFileType = file.storyboard; name = Base; path = Base.lproj/LaunchScreen.storyboard; sourceTree = "<group>"; };
		00831C17223AC199005B1D69 /* Info.plist */ = {isa = PBXFileReference; lastKnownFileType = text.plist.xml; path = Info.plist; sourceTree = "<group>"; };
		00831C1D223AC1E7005B1D69 /* movies.plist */ = {isa = PBXFileReference; lastKnownFileType = text.plist; path = movies.plist; sourceTree = "<group>"; };
		00831C1F223AC344005B1D69 /* movies.swift */ = {isa = PBXFileReference; lastKnownFileType = sourcecode.swift; path = movies.swift; sourceTree = "<group>"; };
		00831C21223AC3C0005B1D69 /* MovieDataModelController.swift */ = {isa = PBXFileReference; lastKnownFileType = sourcecode.swift; path = MovieDataModelController.swift; sourceTree = "<group>"; };
		00831C23223ACADA005B1D69 /* DetailViewController.swift */ = {isa = PBXFileReference; lastKnownFileType = sourcecode.swift; path = DetailViewController.swift; sourceTree = "<group>"; };
/* End PBXFileReference section */

/* Begin PBXFrameworksBuildPhase section */
		00831C05223AC197005B1D69 /* Frameworks */ = {
			isa = PBXFrameworksBuildPhase;
			buildActionMask = 2147483647;
			files = (
			);
			runOnlyForDeploymentPostprocessing = 0;
		};
/* End PBXFrameworksBuildPhase section */

/* Begin PBXGroup section */
		00831BFF223AC197005B1D69 = {
			isa = PBXGroup;
			children = (
				00831C0A223AC197005B1D69 /* Midterm */,
				00831C09223AC197005B1D69 /* Products */,
			);
			sourceTree = "<group>";
		};
		00831C09223AC197005B1D69 /* Products */ = {
			isa = PBXGroup;
			children = (
				00831C08223AC197005B1D69 /* Midterm.app */,
			);
			name = Products;
			sourceTree = "<group>";
		};
		00831C0A223AC197005B1D69 /* Midterm */ = {
			isa = PBXGroup;
			children = (
				00831C1D223AC1E7005B1D69 /* movies.plist */,
				00831C1F223AC344005B1D69 /* movies.swift */,
				00831C21223AC3C0005B1D69 /* MovieDataModelController.swift */,
				00831C0B223AC197005B1D69 /* AppDelegate.swift */,
				00831C0D223AC197005B1D69 /* ViewController.swift */,
				00831C0F223AC197005B1D69 /* Main.storyboard */,
				00831C23223ACADA005B1D69 /* DetailViewController.swift */,
				00831C12223AC199005B1D69 /* Assets.xcassets */,
				00831C14223AC199005B1D69 /* LaunchScreen.storyboard */,
				00831C17223AC199005B1D69 /* Info.plist */,
			);
			path = Midterm;
			sourceTree = "<group>";
		};
/* End PBXGroup section */

/* Begin PBXNativeTarget section */
		00831C07223AC197005B1D69 /* Midterm */ = {
			isa = PBXNativeTarget;
			buildConfigurationList = 00831C1A223AC199005B1D69 /* Build configuration list for PBXNativeTarget "Midterm" */;
			buildPhases = (
				00831C04223AC197005B1D69 /* Sources */,
				00831C05223AC197005B1D69 /* Frameworks */,
				00831C06223AC197005B1D69 /* Resources */,
			);
			buildRules = (
			);
			dependencies = (
			);
			name = Midterm;
			productName = Midterm;
			productReference = 00831C08223AC197005B1D69 /* Midterm.app */;
			productType = "com.apple.product-type.application";
		};
/* End PBXNativeTarget section */

/* Begin PBXProject section */
		00831C00223AC197005B1D69 /* Project object */ = {
			isa = PBXProject;
			attributes = {
				LastSwiftUpdateCheck = 1010;
				LastUpgradeCheck = 1010;
				ORGANIZATIONNAME = "Joanne Liu";
				TargetAttributes = {
					00831C07223AC197005B1D69 = {
						CreatedOnToolsVersion = 10.1;
					};
				};
			};
			buildConfigurationList = 00831C03223AC197005B1D69 /* Build configuration list for PBXProject "Midterm" */;
			compatibilityVersion = "Xcode 9.3";
			developmentRegion = en;
			hasScannedForEncodings = 0;
			knownRegions = (
				en,
				Base,
			);
			mainGroup = 00831BFF223AC197005B1D69;
			productRefGroup = 00831C09223AC197005B1D69 /* Products */;
			projectDirPath = "";
			projectRoot = "";
			targets = (
				00831C07223AC197005B1D69 /* Midterm */,
			);
		};
/* End PBXProject section */

/* Begin PBXResourcesBuildPhase section */
		00831C06223AC197005B1D69 /* Resources */ = {
			isa = PBXResourcesBuildPhase;
			buildActionMask = 2147483647;
			files = (
				00831C16223AC199005B1D69 /* LaunchScreen.storyboard in Resources */,
				00831C1E223AC1E7005B1D69 /* movies.plist in Resources */,
				00831C13223AC199005B1D69 /* Assets.xcassets in Resources */,
				00831C11223AC197005B1D69 /* Main.storyboard in Resources */,
			);
			runOnlyForDeploymentPostprocessing = 0;
		};
/* End PBXResourcesBuildPhase section */

/* Begin PBXSourcesBuildPhase section */
		00831C04223AC197005B1D69 /* Sources */ = {
			isa = PBXSourcesBuildPhase;
			buildActionMask = 2147483647;
			files = (
				00831C22223AC3C0005B1D69 /* MovieDataModelController.swift in Sources */,
				00831C20223AC344005B1D69 /* movies.swift in Sources */,
				00831C24223ACADA005B1D69 /* DetailViewController.swift in Sources */,
				00831C0E223AC197005B1D69 /* ViewController.swift in Sources */,
				00831C0C223AC197005B1D69 /* AppDelegate.swift in Sources */,
			);
			runOnlyForDeploymentPostprocessing = 0;
		};
/* End PBXSourcesBuildPhase section */

/* Begin PBXVariantGroup section */
		00831C0F223AC197005B1D69 /* Main.storyboard */ = {
			isa = PBXVariantGroup;
			children = (
				00831C10223AC197005B1D69 /* Base */,
			);
			name = Main.storyboard;
			sourceTree = "<group>";
		};
		00831C14223AC199005B1D69 /* LaunchScreen.storyboard */ = {
			isa = PBXVariantGroup;
			children = (
				00831C15223AC199005B1D69 /* Base */,
			);
			name = LaunchScreen.storyboard;
			sourceTree = "<group>";
		};
/* End PBXVariantGroup section */

/* Begin XCBuildConfiguration section */
		00831C18223AC199005B1D69 /* Debug */ = {
			isa = XCBuildConfiguration;
			buildSettings = {
				ALWAYS_SEARCH_USER_PATHS = NO;
				CLANG_ANALYZER_NONNULL = YES;
				CLANG_ANALYZER_NUMBER_OBJECT_CONVERSION = YES_AGGRESSIVE;
				CLANG_CXX_LANGUAGE_STANDARD = "gnu++14";
				CLANG_CXX_LIBRARY = "libc++";
				CLANG_ENABLE_MODULES = YES;
				CLANG_ENABLE_OBJC_ARC = YES;
				CLANG_ENABLE_OBJC_WEAK = YES;
				CLANG_WARN_BLOCK_CAPTURE_AUTORELEASING = YES;
				CLANG_WARN_BOOL_CONVERSION = YES;
				CLANG_WARN_COMMA = YES;
				CLANG_WARN_CONSTANT_CONVERSION = YES;
				CLANG_WARN_DEPRECATED_OBJC_IMPLEMENTATIONS = YES;
				CLANG_WARN_DIRECT_OBJC_ISA_USAGE = YES_ERROR;
				CLANG_WARN_DOCUMENTATION_COMMENTS = YES;
				CLANG_WARN_EMPTY_BODY = YES;
				CLANG_WARN_ENUM_CONVERSION = YES;
				CLANG_WARN_INFINITE_RECURSION = YES;
				CLANG_WARN_INT_CONVERSION = YES;
				CLANG_WARN_NON_LITERAL_NULL_CONVERSION = YES;
				CLANG_WARN_OBJC_IMPLICIT_RETAIN_SELF = YES;
				CLANG_WARN_OBJC_LITERAL_CONVERSION = YES;
				CLANG_WARN_OBJC_ROOT_CLASS = YES_ERROR;
				CLANG_WARN_RANGE_LOOP_ANALYSIS = YES;
				CLANG_WARN_STRICT_PROTOTYPES = YES;
				CLANG_WARN_SUSPICIOUS_MOVE = YES;
				CLANG_WARN_UNGUARDED_AVAILABILITY = YES_AGGRESSIVE;
				CLANG_WARN_UNREACHABLE_CODE = YES;
				CLANG_WARN__DUPLICATE_METHOD_MATCH = YES;
				CODE_SIGN_IDENTITY = "iPhone Developer";
				COPY_PHASE_STRIP = NO;
				DEBUG_INFORMATION_FORMAT = dwarf;
				ENABLE_STRICT_OBJC_MSGSEND = YES;
				ENABLE_TESTABILITY = YES;
				GCC_C_LANGUAGE_STANDARD = gnu11;
				GCC_DYNAMIC_NO_PIC = NO;
				GCC_NO_COMMON_BLOCKS = YES;
				GCC_OPTIMIZATION_LEVEL = 0;
				GCC_PREPROCESSOR_DEFINITIONS = (
					"DEBUG=1",
					"$(inherited)",
				);
				GCC_WARN_64_TO_32_BIT_CONVERSION = YES;
				GCC_WARN_ABOUT_RETURN_TYPE = YES_ERROR;
				GCC_WARN_UNDECLARED_SELECTOR = YES;
				GCC_WARN_UNINITIALIZED_AUTOS = YES_AGGRESSIVE;
				GCC_WARN_UNUSED_FUNCTION = YES;
				GCC_WARN_UNUSED_VARIABLE = YES;
				IPHONEOS_DEPLOYMENT_TARGET = 12.1;
				MTL_ENABLE_DEBUG_INFO = INCLUDE_SOURCE;
				MTL_FAST_MATH = YES;
				ONLY_ACTIVE_ARCH = YES;
				SDKROOT = iphoneos;
				SWIFT_ACTIVE_COMPILATION_CONDITIONS = DEBUG;
				SWIFT_OPTIMIZATION_LEVEL = "-Onone";
			};
			name = Debug;
		};
		00831C19223AC199005B1D69 /* Release */ = {
			isa = XCBuildConfiguration;
			buildSettings = {
				ALWAYS_SEARCH_USER_PATHS = NO;
				CLANG_ANALYZER_NONNULL = YES;
				CLANG_ANALYZER_NUMBER_OBJECT_CONVERSION = YES_AGGRESSIVE;
				CLANG_CXX_LANGUAGE_STANDARD = "gnu++14";
				CLANG_CXX_LIBRARY = "libc++";
				CLANG_ENABLE_MODULES = YES;
				CLANG_ENABLE_OBJC_ARC = YES;
				CLANG_ENABLE_OBJC_WEAK = YES;
				CLANG_WARN_BLOCK_CAPTURE_AUTORELEASING = YES;
				CLANG_WARN_BOOL_CONVERSION = YES;
				CLANG_WARN_COMMA = YES;
				CLANG_WARN_CONSTANT_CONVERSION = YES;
				CLANG_WARN_DEPRECATED_OBJC_IMPLEMENTATIONS = YES;
				CLANG_WARN_DIRECT_OBJC_ISA_USAGE = YES_ERROR;
				CLANG_WARN_DOCUMENTATION_COMMENTS = YES;
				CLANG_WARN_EMPTY_BODY = YES;
				CLANG_WARN_ENUM_CONVERSION = YES;
				CLANG_WARN_INFINITE_RECURSION = YES;
				CLANG_WARN_INT_CONVERSION = YES;
				CLANG_WARN_NON_LITERAL_NULL_CONVERSION = YES;
				CLANG_WARN_OBJC_IMPLICIT_RETAIN_SELF = YES;
				CLANG_WARN_OBJC_LITERAL_CONVERSION = YES;
				CLANG_WARN_OBJC_ROOT_CLASS = YES_ERROR;
				CLANG_WARN_RANGE_LOOP_ANALYSIS = YES;
				CLANG_WARN_STRICT_PROTOTYPES = YES;
				CLANG_WARN_SUSPICIOUS_MOVE = YES;
				CLANG_WARN_UNGUARDED_AVAILABILITY = YES_AGGRESSIVE;
				CLANG_WARN_UNREACHABLE_CODE = YES;
				CLANG_WARN__DUPLICATE_METHOD_MATCH = YES;
				CODE_SIGN_IDENTITY = "iPhone Developer";
				COPY_PHASE_STRIP = NO;
				DEBUG_INFORMATION_FORMAT = "dwarf-with-dsym";
				ENABLE_NS_ASSERTIONS = NO;
				ENABLE_STRICT_OBJC_MSGSEND = YES;
				GCC_C_LANGUAGE_STANDARD = gnu11;
				GCC_NO_COMMON_BLOCKS = YES;
				GCC_WARN_64_TO_32_BIT_CONVERSION = YES;
				GCC_WARN_ABOUT_RETURN_TYPE = YES_ERROR;
				GCC_WARN_UNDECLARED_SELECTOR = YES;
				GCC_WARN_UNINITIALIZED_AUTOS = YES_AGGRESSIVE;
				GCC_WARN_UNUSED_FUNCTION = YES;
				GCC_WARN_UNUSED_VARIABLE = YES;
				IPHONEOS_DEPLOYMENT_TARGET = 12.1;
				MTL_ENABLE_DEBUG_INFO = NO;
				MTL_FAST_MATH = YES;
				SDKROOT = iphoneos;
				SWIFT_COMPILATION_MODE = wholemodule;
				SWIFT_OPTIMIZATION_LEVEL = "-O";
				VALIDATE_PRODUCT = YES;
			};
			name = Release;
		};
		00831C1B223AC199005B1D69 /* Debug */ = {
			isa = XCBuildConfiguration;
			buildSettings = {
				ASSETCATALOG_COMPILER_APPICON_NAME = AppIcon;
				CODE_SIGN_STYLE = Automatic;
				INFOPLIST_FILE = Midterm/Info.plist;
				LD_RUNPATH_SEARCH_PATHS = (
					"$(inherited)",
					"@executable_path/Frameworks",
				);
				PRODUCT_BUNDLE_IDENTIFIER = ATLS4320.Midterm;
				PRODUCT_NAME = "$(TARGET_NAME)";
				SWIFT_VERSION = 4.2;
				TARGETED_DEVICE_FAMILY = "1,2";
			};
			name = Debug;
		};
		00831C1C223AC199005B1D69 /* Release */ = {
			isa = XCBuildConfiguration;
			buildSettings = {
				ASSETCATALOG_COMPILER_APPICON_NAME = AppIcon;
				CODE_SIGN_STYLE = Automatic;
				INFOPLIST_FILE = Midterm/Info.plist;
				LD_RUNPATH_SEARCH_PATHS = (
					"$(inherited)",
					"@executable_path/Frameworks",
				);
				PRODUCT_BUNDLE_IDENTIFIER = ATLS4320.Midterm;
				PRODUCT_NAME = "$(TARGET_NAME)";
				SWIFT_VERSION = 4.2;
				TARGETED_DEVICE_FAMILY = "1,2";
			};
			name = Release;
		};
/* End XCBuildConfiguration section */

/* Begin XCConfigurationList section */
		00831C03223AC197005B1D69 /* Build configuration list for PBXProject "Midterm" */ = {
			isa = XCConfigurationList;
			buildConfigurations = (
				00831C18223AC199005B1D69 /* Debug */,
				00831C19223AC199005B1D69 /* Release */,
			);
			defaultConfigurationIsVisible = 0;
			defaultConfigurationName = Release;
		};
		00831C1A223AC199005B1D69 /* Build configuration list for PBXNativeTarget "Midterm" */ = {
			isa = XCConfigurationList;
			buildConfigurations = (
				00831C1B223AC199005B1D69 /* Debug */,
				00831C1C223AC199005B1D69 /* Release */,
			);
			defaultConfigurationIsVisible = 0;
			defaultConfigurationName = Release;
		};
/* End XCConfigurationList section */
	};
	rootObject = 00831C00223AC197005B1D69 /* Project object */;
}
